
Microsoft Visual Studio Solution File, Format Version 12.00
# Visual Studio 2012
Project("{FAE04EC0-301F-11D3-BF4B-00C04F79EFBC}") = "PortableData", "PortableData\PortableData.csproj", "{D2F520CF-3209-4B7E-829E-3F2FC781E2C0}"
EndProject
Project("{FAE04EC0-301F-11D3-BF4B-00C04F79EFBC}") = "Event", "Event\Event.csproj", "{846C8FC3-E3D1-46DC-A353-D4DCFCFE5C32}"
EndProject
Global
	GlobalSection(SolutionConfigurationPlatforms) = preSolution
		Debug|Any CPU = Debug|Any CPU
		Release|Any CPU = Release|Any CPU
	EndGlobalSection
	GlobalSection(ProjectConfigurationPlatforms) = postSolution
		{D2F520CF-3209-4B7E-829E-3F2FC781E2C0}.Debug|Any CPU.ActiveCfg = Debug|Any CPU
		{D2F520CF-3209-4B7E-829E-3F2FC781E2C0}.Debug|Any CPU.Build.0 = Debug|Any CPU
		{D2F520CF-3209-4B7E-829E-3F2FC781E2C0}.Release|Any CPU.ActiveCfg = Release|Any CPU
		{D2F520CF-3209-4B7E-829E-3F2FC781E2C0}.Release|Any CPU.Build.0 = Release|Any CPU
		{846C8FC3-E3D1-46DC-A353-D4DCFCFE5C32}.Debug|Any CPU.ActiveCfg = Debug|Any CPU
		{846C8FC3-E3D1-46DC-A353-D4DCFCFE5C32}.Debug|Any CPU.Build.0 = Debug|Any CPU
		{846C8FC3-E3D1-46DC-A353-D4DCFCFE5C32}.Release|Any CPU.ActiveCfg = Release|Any CPU
		{846C8FC3-E3D1-46DC-A353-D4DCFCFE5C32}.Release|Any CPU.Build.0 = Release|Any CPU
	EndGlobalSection
EndGlobal
